
Microsoft Visual Studio Solution File, Format Version 12.00
# Visual Studio 15
VisualStudioVersion = 15.0.28307.168
MinimumVisualStudioVersion = 10.0.40219.1
Project("{FAE04EC0-301F-11D3-BF4B-00C04F79EFBC}") = "Azure.Devops.Net.Web", "Azure.Devops.Net.Web\Azure.Devops.Net.Web.csproj", "{4B2F211B-B6D0-4D53-87EC-A200C40A5B22}"
EndProject
Project("{FAE04EC0-301F-11D3-BF4B-00C04F79EFBC}") = "Azure.Devops.Net.Web.Tests", "Azure.Devops.Net.Web.Tests\Azure.Devops.Net.Web.Tests.csproj", "{60F6C2A5-9B5F-40E9-9B93-1B80A9875A26}"
EndProject
Project("{FAE04EC0-301F-11D3-BF4B-00C04F79EFBC}") = "Azure.Devops.Net.AzureFunctions", "Azure.Devops.Net.AzureFunctions\Azure.Devops.Net.AzureFunctions.csproj", "{8C06A71C-E483-48A6-98E5-19B1BA1D87F4}"
EndProject
Global
	GlobalSection(SolutionConfigurationPlatforms) = preSolution
		Debug|Any CPU = Debug|Any CPU
		Release|Any CPU = Release|Any CPU
	EndGlobalSection
	GlobalSection(ProjectConfigurationPlatforms) = postSolution
		{4B2F211B-B6D0-4D53-87EC-A200C40A5B22}.Debug|Any CPU.ActiveCfg = Debug|Any CPU
		{4B2F211B-B6D0-4D53-87EC-A200C40A5B22}.Debug|Any CPU.Build.0 = Debug|Any CPU
		{4B2F211B-B6D0-4D53-87EC-A200C40A5B22}.Release|Any CPU.ActiveCfg = Release|Any CPU
		{4B2F211B-B6D0-4D53-87EC-A200C40A5B22}.Release|Any CPU.Build.0 = Release|Any CPU
		{60F6C2A5-9B5F-40E9-9B93-1B80A9875A26}.Debug|Any CPU.ActiveCfg = Debug|Any CPU
		{60F6C2A5-9B5F-40E9-9B93-1B80A9875A26}.Debug|Any CPU.Build.0 = Debug|Any CPU
		{60F6C2A5-9B5F-40E9-9B93-1B80A9875A26}.Release|Any CPU.ActiveCfg = Release|Any CPU
		{60F6C2A5-9B5F-40E9-9B93-1B80A9875A26}.Release|Any CPU.Build.0 = Release|Any CPU
		{8C06A71C-E483-48A6-98E5-19B1BA1D87F4}.Debug|Any CPU.ActiveCfg = Debug|Any CPU
		{8C06A71C-E483-48A6-98E5-19B1BA1D87F4}.Debug|Any CPU.Build.0 = Debug|Any CPU
		{8C06A71C-E483-48A6-98E5-19B1BA1D87F4}.Release|Any CPU.ActiveCfg = Release|Any CPU
		{8C06A71C-E483-48A6-98E5-19B1BA1D87F4}.Release|Any CPU.Build.0 = Release|Any CPU
	EndGlobalSection
	GlobalSection(SolutionProperties) = preSolution
		HideSolutionNode = FALSE
	EndGlobalSection
	GlobalSection(ExtensibilityGlobals) = postSolution
		SolutionGuid = {3248F40A-0D77-4838-B58F-94AE08A01DC9}
	EndGlobalSection
EndGlobal
